
Microsoft Visual Studio Solution File, Format Version 12.00
# Visual Studio Version 17
VisualStudioVersion = 17.3.32929.385
MinimumVisualStudioVersion = 10.0.40219.1
Project("{9A19103F-16F7-4668-BE54-9A1E7A4F7556}") = "Muze_projesi", "Muze_projesi.csproj", "{A7C42C90-5049-4C33-BB47-C6C858BE5517}"
EndProject
Global
	GlobalSection(SolutionConfigurationPlatforms) = preSolution
		Debug|Any CPU = Debug|Any CPU
		Release|Any CPU = Release|Any CPU
	EndGlobalSection
	GlobalSection(ProjectConfigurationPlatforms) = postSolution
		{A7C42C90-5049-4C33-BB47-C6C858BE5517}.Debug|Any CPU.ActiveCfg = Debug|Any CPU
		{A7C42C90-5049-4C33-BB47-C6C858BE5517}.Debug|Any CPU.Build.0 = Debug|Any CPU
		{A7C42C90-5049-4C33-BB47-C6C858BE5517}.Release|Any CPU.ActiveCfg = Release|Any CPU
		{A7C42C90-5049-4C33-BB47-C6C858BE5517}.Release|Any CPU.Build.0 = Release|Any CPU
	EndGlobalSection
	GlobalSection(SolutionProperties) = preSolution
		HideSolutionNode = FALSE
	EndGlobalSection
	GlobalSection(ExtensibilityGlobals) = postSolution
		SolutionGuid = {13D77004-E5FB-4BC9-9052-B44D7CB959D3}
	EndGlobalSection
EndGlobal
